
Microsoft Visual Studio Solution File, Format Version 12.00
# Visual Studio 2012
Project("{E24C65DC-7377-472B-9ABA-BC803B73C61A}") = "Assignment1", "..\Assignment1", "{02155B99-81FD-4580-A8ED-670CF5143C7C}"
	ProjectSection(WebsiteProperties) = preProject
		TargetFrameworkMoniker = ".NETFramework,Version%3Dv4.5"
		Debug.AspNetCompiler.VirtualPath = "/Assignment1"
		Debug.AspNetCompiler.PhysicalPath = "E:\Asp.Net\Assignments\6 - CSS andThemes\Assignment1\"
		Debug.AspNetCompiler.TargetPath = "PrecompiledWeb\Assignment1\"
		Debug.AspNetCompiler.Updateable = "true"
		Debug.AspNetCompiler.ForceOverwrite = "true"
		Debug.AspNetCompiler.FixedNames = "false"
		Debug.AspNetCompiler.Debug = "True"
		Release.AspNetCompiler.VirtualPath = "/Assignment1"
		Release.AspNetCompiler.PhysicalPath = "E:\Asp.Net\Assignments\6 - CSS andThemes\Assignment1\"
		Release.AspNetCompiler.TargetPath = "PrecompiledWeb\Assignment1\"
		Release.AspNetCompiler.Updateable = "true"
		Release.AspNetCompiler.ForceOverwrite = "true"
		Release.AspNetCompiler.FixedNames = "false"
		Release.AspNetCompiler.Debug = "False"
		VWDPort = "3112"
	EndProjectSection
EndProject
Global
	GlobalSection(SolutionConfigurationPlatforms) = preSolution
		Debug|Any CPU = Debug|Any CPU
	EndGlobalSection
	GlobalSection(ProjectConfigurationPlatforms) = postSolution
		{02155B99-81FD-4580-A8ED-670CF5143C7C}.Debug|Any CPU.ActiveCfg = Debug|Any CPU
		{02155B99-81FD-4580-A8ED-670CF5143C7C}.Debug|Any CPU.Build.0 = Debug|Any CPU
	EndGlobalSection
	GlobalSection(SolutionProperties) = preSolution
		HideSolutionNode = FALSE
	EndGlobalSection
EndGlobal
